<?xml version="1.0" encoding="utf-8"?>
<Project ToolsVersion="4.0" xmlns="http://schemas.microsoft.com/developer/msbuild/2003">
  <ItemGroup>
    <Filter Include="Source Files">
      <UniqueIdentifier>{4FC737F1-C7A5-4376-A066-2A32D752A2FF}</UniqueIdentifier>
      <Extensions>cpp;c;cc;cxx;c++;cppm;ixx;def;odl;idl;hpj;bat;asm;asmx</Extensions>
    </Filter>
    <Filter Include="Source Files\commands">
      <UniqueIdentifier>{6ba2c31d-08ea-4e40-a8e5-42806b575851}</UniqueIdentifier>
    </Filter>
    <Filter Include="Source Files\components">
      <UniqueIdentifier>{cd867bb3-8206-410d-92ba-a651673b8f1f}</UniqueIdentifier>
    </Filter>
  </ItemGroup>
  <ItemGroup>
    <ClCompile Include="SceneLoaders.cpp">
      <Filter>Source Files</Filter>
    </ClCompile>
    <ClCompile Include="Main.cpp">
      <Filter>Source Files</Filter>
    </ClCompile>
    <ClCompile Include="FpsComponent.cpp">
      <Filter>Source Files\components</Filter>
    </ClCompile>
    <ClCompile Include="PlayAudioCommand.cpp">
      <Filter>Source Files</Filter>
    </ClCompile>
    <ClCompile Include="..\Minigin\RenderComponent.cpp">
      <Filter>Source Files\components</Filter>
    </ClCompile>
    <ClCompile Include="..\Minigin\TextComponent.cpp">
      <Filter>Source Files\components</Filter>
    </ClCompile>
  </ItemGroup>
  <ItemGroup>
    <ClInclude Include="SceneLoaders.h">
      <Filter>Source Files</Filter>
    </ClInclude>
    <ClInclude Include="FpsComponent.h">
      <Filter>Source Files\components</Filter>
    </ClInclude>
    <ClInclude Include="PlayAudioCommand.h" />
    <ClInclude Include="..\Minigin\RenderComponent.h">
      <Filter>Source Files\components</Filter>
    </ClInclude>
    <ClInclude Include="..\Minigin\TextComponent.h">
      <Filter>Source Files\components</Filter>
    </ClInclude>
  </ItemGroup>
</Project>