<?xml version="1.0" encoding="utf-8"?>
<Project ToolsVersion="4.0" xmlns="http://schemas.microsoft.com/developer/msbuild/2003">
  <ItemGroup>
    <Filter Include="Source Files">
      <UniqueIdentifier>{4FC737F1-C7A5-4376-A066-2A32D752A2FF}</UniqueIdentifier>
      <Extensions>cpp;c;cc;cxx;def;odl;idl;hpj;bat;asm;asmx</Extensions>
    </Filter>
    <Filter Include="Resource Files">
      <UniqueIdentifier>{67DA6AB6-F800-4c08-8B7A-83BB121AAD01}</UniqueIdentifier>
      <Extensions>rc;ico;cur;bmp;dlg;rc2;rct;bin;rgs;gif;jpg;jpeg;jpe;resx;tiff;tif;png;wav;mfcribbon-ms</Extensions>
    </Filter>
    <Filter Include="Source Files\core">
      <UniqueIdentifier>{a1d453e3-bcea-4dd2-b160-613500c15d9f}</UniqueIdentifier>
    </Filter>
    <Filter Include="Source Files\io">
      <UniqueIdentifier>{8ad43c7d-7f03-459e-8d2d-a5e5e6eecba6}</UniqueIdentifier>
    </Filter>
    <Filter Include="Source Files\services">
      <UniqueIdentifier>{9960cfc3-0b37-46dd-8e57-e81abb4293e0}</UniqueIdentifier>
    </Filter>
    <Filter Include="Source Files\utils">
      <UniqueIdentifier>{f7fa9778-d815-45ba-baf8-f5ac681200cd}</UniqueIdentifier>
    </Filter>
    <Filter Include="Source Files\services\soundservice">
      <UniqueIdentifier>{7b22dab9-3327-43c5-9b6f-29c3a0bea7d5}</UniqueIdentifier>
    </Filter>
    <Filter Include="Source Files\scenegraph">
      <UniqueIdentifier>{d3d49393-05b7-4011-a849-d195041d0192}</UniqueIdentifier>
    </Filter>
    <Filter Include="Source Files\scenegraph\components">
      <UniqueIdentifier>{3316d86a-fc09-4c9a-b94b-cb3c16a1c4e8}</UniqueIdentifier>
    </Filter>
    <Filter Include="Source Files\interfaces">
      <UniqueIdentifier>{b2853315-f709-4225-8cbf-e8088690d629}</UniqueIdentifier>
    </Filter>
  </ItemGroup>
  <ItemGroup>
    <ClInclude Include="ICommand.h">
      <Filter>Source Files\interfaces</Filter>
    </ClInclude>
    <ClInclude Include="InputManager.h">
      <Filter>Source Files\io</Filter>
    </ClInclude>
    <ClInclude Include="Gamepad.h">
      <Filter>Source Files\io</Filter>
    </ClInclude>
    <ClInclude Include="Font.h">
      <Filter>Source Files\utils</Filter>
    </ClInclude>
    <ClInclude Include="Timer.h">
      <Filter>Source Files\utils</Filter>
    </ClInclude>
    <ClInclude Include="Singleton.h">
      <Filter>Source Files\utils</Filter>
    </ClInclude>
    <ClInclude Include="TransformComponent.h">
      <Filter>Source Files\scenegraph\components</Filter>
    </ClInclude>
    <ClInclude Include="GameObject.h">
      <Filter>Source Files\scenegraph</Filter>
    </ClInclude>
    <ClInclude Include="Scene.h">
      <Filter>Source Files\scenegraph</Filter>
    </ClInclude>
    <ClInclude Include="SceneManager.h">
      <Filter>Source Files\scenegraph</Filter>
    </ClInclude>
    <ClInclude Include="LoggingAudioService.h">
      <Filter>Source Files\services\soundservice</Filter>
    </ClInclude>
    <ClInclude Include="NullAudioService.h">
      <Filter>Source Files\services\soundservice</Filter>
    </ClInclude>
    <ClInclude Include="SdlAudioService.h">
      <Filter>Source Files\services\soundservice</Filter>
    </ClInclude>
    <ClInclude Include="ServiceLocator.h">
      <Filter>Source Files\services</Filter>
    </ClInclude>
    <ClInclude Include="IAudioService.h">
      <Filter>Source Files\services</Filter>
    </ClInclude>
    <ClInclude Include="Minigin.h">
      <Filter>Source Files\core</Filter>
    </ClInclude>
    <ClInclude Include="Renderer.h">
      <Filter>Source Files\core</Filter>
    </ClInclude>
    <ClInclude Include="ResourceManager.h">
      <Filter>Source Files\core</Filter>
    </ClInclude>
    <ClInclude Include="Texture2D.h">
      <Filter>Source Files\utils</Filter>
    </ClInclude>
    <ClInclude Include="IObserver.h">
      <Filter>Source Files\interfaces</Filter>
    </ClInclude>
    <ClInclude Include="ISubject.h">
      <Filter>Source Files\interfaces</Filter>
    </ClInclude>
    <ClInclude Include="IComponent.h">
      <Filter>Source Files\interfaces</Filter>
    </ClInclude>
  </ItemGroup>
  <ItemGroup>
    <ClCompile Include="InputManager.cpp">
      <Filter>Source Files\io</Filter>
    </ClCompile>
    <ClCompile Include="Gamepad.cpp">
      <Filter>Source Files\io</Filter>
    </ClCompile>
    <ClCompile Include="Font.cpp">
      <Filter>Source Files\utils</Filter>
    </ClCompile>
    <ClCompile Include="Timer.cpp">
      <Filter>Source Files\utils</Filter>
    </ClCompile>
    <ClCompile Include="TransformComponent.cpp">
      <Filter>Source Files\scenegraph\components</Filter>
    </ClCompile>
    <ClCompile Include="GameObject.cpp">
      <Filter>Source Files\scenegraph</Filter>
    </ClCompile>
    <ClCompile Include="Scene.cpp">
      <Filter>Source Files\scenegraph</Filter>
    </ClCompile>
    <ClCompile Include="SceneManager.cpp">
      <Filter>Source Files\scenegraph</Filter>
    </ClCompile>
    <ClCompile Include="LoggingAudioService.cpp">
      <Filter>Source Files\services\soundservice</Filter>
    </ClCompile>
    <ClCompile Include="NullAudioService.cpp">
      <Filter>Source Files\services\soundservice</Filter>
    </ClCompile>
    <ClCompile Include="SdlAudioService.cpp">
      <Filter>Source Files\services\soundservice</Filter>
    </ClCompile>
    <ClCompile Include="ServiceLocator.cpp">
      <Filter>Source Files\services</Filter>
    </ClCompile>
    <ClCompile Include="Minigin.cpp">
      <Filter>Source Files\core</Filter>
    </ClCompile>
    <ClCompile Include="Renderer.cpp">
      <Filter>Source Files\core</Filter>
    </ClCompile>
    <ClCompile Include="ResourceManager.cpp">
      <Filter>Source Files\core</Filter>
    </ClCompile>
    <ClCompile Include="Texture2D.cpp">
      <Filter>Source Files\utils</Filter>
    </ClCompile>
  </ItemGroup>
</Project>